
Microsoft Visual Studio Solution File, Format Version 12.00
# Visual Studio Version 16
VisualStudioVersion = 16.0.29926.136
MinimumVisualStudioVersion = 10.0.40219.1
Project("{FAE04EC0-301F-11D3-BF4B-00C04F79EFBC}") = "GameHeroes", "GameHeroes.csproj", "{36BF3460-301C-4C0A-8F91-F19081B5DBED}"
EndProject
Global
	GlobalSection(SolutionConfigurationPlatforms) = preSolution
		Debug|Any CPU = Debug|Any CPU
		Release|Any CPU = Release|Any CPU
	EndGlobalSection
	GlobalSection(ProjectConfigurationPlatforms) = postSolution
		{36BF3460-301C-4C0A-8F91-F19081B5DBED}.Debug|Any CPU.ActiveCfg = Debug|Any CPU
		{36BF3460-301C-4C0A-8F91-F19081B5DBED}.Debug|Any CPU.Build.0 = Debug|Any CPU
		{36BF3460-301C-4C0A-8F91-F19081B5DBED}.Release|Any CPU.ActiveCfg = Release|Any CPU
		{36BF3460-301C-4C0A-8F91-F19081B5DBED}.Release|Any CPU.Build.0 = Release|Any CPU
	EndGlobalSection
	GlobalSection(SolutionProperties) = preSolution
		HideSolutionNode = FALSE
	EndGlobalSection
	GlobalSection(ExtensibilityGlobals) = postSolution
		SolutionGuid = {9B1B0A42-7A89-40F5-AD4C-18812817A17E}
	EndGlobalSection
EndGlobal
